// !$*UTF8*$!
{
	archiveVersion = 1;
	classes = {
	};
	objectVersion = 48;
	objects = {

/* Begin PBXBuildFile section */
		100117311FACA94A0042BA5E /* WordViewController.swift in Sources */ = {isa = PBXBuildFile; fileRef = 100117301FACA94A0042BA5E /* WordViewController.swift */; };
		108B9E321FA4BC5E00D93D01 /* AppDelegate.swift in Sources */ = {isa = PBXBuildFile; fileRef = 108B9E311FA4BC5E00D93D01 /* AppDelegate.swift */; };
		108B9E341FA4BC5E00D93D01 /* ViewController.swift in Sources */ = {isa = PBXBuildFile; fileRef = 108B9E331FA4BC5E00D93D01 /* ViewController.swift */; };
		108B9E371FA4BC5E00D93D01 /* Main.storyboard in Resources */ = {isa = PBXBuildFile; fileRef = 108B9E351FA4BC5E00D93D01 /* Main.storyboard */; };
		108B9E3C1FA4BC5E00D93D01 /* Assets.xcassets in Resources */ = {isa = PBXBuildFile; fileRef = 108B9E3B1FA4BC5E00D93D01 /* Assets.xcassets */; };
		108B9E3F1FA4BC5E00D93D01 /* LaunchScreen.storyboard in Resources */ = {isa = PBXBuildFile; fileRef = 108B9E3D1FA4BC5E00D93D01 /* LaunchScreen.storyboard */; };
		108B9E4A1FA4BC5E00D93D01 /* StudyBuddyTests.swift in Sources */ = {isa = PBXBuildFile; fileRef = 108B9E491FA4BC5E00D93D01 /* StudyBuddyTests.swift */; };
		108B9E551FA4BC5E00D93D01 /* StudyBuddyUITests.swift in Sources */ = {isa = PBXBuildFile; fileRef = 108B9E541FA4BC5E00D93D01 /* StudyBuddyUITests.swift */; };
		108B9E631FA8BB9B00D93D01 /* DashBoardViewController.swift in Sources */ = {isa = PBXBuildFile; fileRef = 108B9E621FA8BB9B00D93D01 /* DashBoardViewController.swift */; };
		108B9E651FA8BBC600D93D01 /* FlashCardsTableViewController.swift in Sources */ = {isa = PBXBuildFile; fileRef = 108B9E641FA8BBC600D93D01 /* FlashCardsTableViewController.swift */; };
		10A6867E1FB0AD0000DA0F4F /* UserDecksTableViewController.swift in Sources */ = {isa = PBXBuildFile; fileRef = 10A6867D1FB0AD0000DA0F4F /* UserDecksTableViewController.swift */; };
		10E17FE21FACB88800B0B130 /* StudyBuddy.xcdatamodeld in Sources */ = {isa = PBXBuildFile; fileRef = 10E17FE01FACB7DF00B0B130 /* StudyBuddy.xcdatamodeld */; };
		10E17FE41FACB91100B0B130 /* StudyWordsViewController.swift in Sources */ = {isa = PBXBuildFile; fileRef = 10E17FE31FACB91100B0B130 /* StudyWordsViewController.swift */; };
		10E17FE81FACE56200B0B130 /* UtilsTests.swift in Sources */ = {isa = PBXBuildFile; fileRef = 10E17FE71FACE56200B0B130 /* UtilsTests.swift */; };
		10E17FEA1FACEACF00B0B130 /* Utils.swift in Sources */ = {isa = PBXBuildFile; fileRef = 108B9E681FA8BF7200D93D01 /* Utils.swift */; };
		2E94BBD969CEF1C4275F74C6 /* Pods_StudyBuddyUITests.framework in Frameworks */ = {isa = PBXBuildFile; fileRef = 2A273D109B2F06E9AB3577AE /* Pods_StudyBuddyUITests.framework */; };
		3D462954501F7331CFCF1307 /* Pods_StudyBuddyTests.framework in Frameworks */ = {isa = PBXBuildFile; fileRef = 4822B4A27E1CF8D4524685FB /* Pods_StudyBuddyTests.framework */; };
		8711E51F9691B3F3F08187ED /* Pods_StudyBuddy.framework in Frameworks */ = {isa = PBXBuildFile; fileRef = 2E57F440D75456AE1F79A1AA /* Pods_StudyBuddy.framework */; };
/* End PBXBuildFile section */

/* Begin PBXContainerItemProxy section */
		108B9E461FA4BC5E00D93D01 /* PBXContainerItemProxy */ = {
			isa = PBXContainerItemProxy;
			containerPortal = 108B9E261FA4BC5D00D93D01 /* Project object */;
			proxyType = 1;
			remoteGlobalIDString = 108B9E2D1FA4BC5D00D93D01;
			remoteInfo = StudyBuddy;
		};
		108B9E511FA4BC5E00D93D01 /* PBXContainerItemProxy */ = {
			isa = PBXContainerItemProxy;
			containerPortal = 108B9E261FA4BC5D00D93D01 /* Project object */;
			proxyType = 1;
			remoteGlobalIDString = 108B9E2D1FA4BC5D00D93D01;
			remoteInfo = StudyBuddy;
		};
/* End PBXContainerItemProxy section */

/* Begin PBXFileReference section */
		100117301FACA94A0042BA5E /* WordViewController.swift */ = {isa = PBXFileReference; lastKnownFileType = sourcecode.swift; path = WordViewController.swift; sourceTree = "<group>"; };
		108B9E2E1FA4BC5E00D93D01 /* StudyBuddy.app */ = {isa = PBXFileReference; explicitFileType = wrapper.application; includeInIndex = 0; path = StudyBuddy.app; sourceTree = BUILT_PRODUCTS_DIR; };
		108B9E311FA4BC5E00D93D01 /* AppDelegate.swift */ = {isa = PBXFileReference; lastKnownFileType = sourcecode.swift; path = AppDelegate.swift; sourceTree = "<group>"; };
		108B9E331FA4BC5E00D93D01 /* ViewController.swift */ = {isa = PBXFileReference; lastKnownFileType = sourcecode.swift; path = ViewController.swift; sourceTree = "<group>"; };
		108B9E361FA4BC5E00D93D01 /* Base */ = {isa = PBXFileReference; lastKnownFileType = file.storyboard; name = Base; path = Base.lproj/Main.storyboard; sourceTree = "<group>"; };
		108B9E3B1FA4BC5E00D93D01 /* Assets.xcassets */ = {isa = PBXFileReference; lastKnownFileType = folder.assetcatalog; path = Assets.xcassets; sourceTree = "<group>"; };
		108B9E3E1FA4BC5E00D93D01 /* Base */ = {isa = PBXFileReference; lastKnownFileType = file.storyboard; name = Base; path = Base.lproj/LaunchScreen.storyboard; sourceTree = "<group>"; };
		108B9E401FA4BC5E00D93D01 /* Info.plist */ = {isa = PBXFileReference; lastKnownFileType = text.plist.xml; path = Info.plist; sourceTree = "<group>"; };
		108B9E451FA4BC5E00D93D01 /* StudyBuddyTests.xctest */ = {isa = PBXFileReference; explicitFileType = wrapper.cfbundle; includeInIndex = 0; path = StudyBuddyTests.xctest; sourceTree = BUILT_PRODUCTS_DIR; };
		108B9E491FA4BC5E00D93D01 /* StudyBuddyTests.swift */ = {isa = PBXFileReference; lastKnownFileType = sourcecode.swift; path = StudyBuddyTests.swift; sourceTree = "<group>"; };
		108B9E4B1FA4BC5E00D93D01 /* Info.plist */ = {isa = PBXFileReference; lastKnownFileType = text.plist.xml; path = Info.plist; sourceTree = "<group>"; };
		108B9E501FA4BC5E00D93D01 /* StudyBuddyUITests.xctest */ = {isa = PBXFileReference; explicitFileType = wrapper.cfbundle; includeInIndex = 0; path = StudyBuddyUITests.xctest; sourceTree = BUILT_PRODUCTS_DIR; };
		108B9E541FA4BC5E00D93D01 /* StudyBuddyUITests.swift */ = {isa = PBXFileReference; lastKnownFileType = sourcecode.swift; path = StudyBuddyUITests.swift; sourceTree = "<group>"; };
		108B9E561FA4BC5E00D93D01 /* Info.plist */ = {isa = PBXFileReference; lastKnownFileType = text.plist.xml; path = Info.plist; sourceTree = "<group>"; };
		108B9E621FA8BB9B00D93D01 /* DashBoardViewController.swift */ = {isa = PBXFileReference; lastKnownFileType = sourcecode.swift; path = DashBoardViewController.swift; sourceTree = "<group>"; };
		108B9E641FA8BBC600D93D01 /* FlashCardsTableViewController.swift */ = {isa = PBXFileReference; lastKnownFileType = sourcecode.swift; path = FlashCardsTableViewController.swift; sourceTree = "<group>"; };
		108B9E681FA8BF7200D93D01 /* Utils.swift */ = {isa = PBXFileReference; lastKnownFileType = sourcecode.swift; path = Utils.swift; sourceTree = "<group>"; };
		10A6867D1FB0AD0000DA0F4F /* UserDecksTableViewController.swift */ = {isa = PBXFileReference; lastKnownFileType = sourcecode.swift; path = UserDecksTableViewController.swift; sourceTree = "<group>"; };
		10E17FE11FACB7DF00B0B130 /* StudyBuddy.xcdatamodel */ = {isa = PBXFileReference; lastKnownFileType = wrapper.xcdatamodel; path = StudyBuddy.xcdatamodel; sourceTree = "<group>"; };
		10E17FE31FACB91100B0B130 /* StudyWordsViewController.swift */ = {isa = PBXFileReference; lastKnownFileType = sourcecode.swift; path = StudyWordsViewController.swift; sourceTree = "<group>"; };
		10E17FE71FACE56200B0B130 /* UtilsTests.swift */ = {isa = PBXFileReference; lastKnownFileType = sourcecode.swift; path = UtilsTests.swift; sourceTree = "<group>"; };
		152A7B1BFE3C9B8BB4342887 /* Pods-StudyBuddyTests.debug.xcconfig */ = {isa = PBXFileReference; includeInIndex = 1; lastKnownFileType = text.xcconfig; name = "Pods-StudyBuddyTests.debug.xcconfig"; path = "Pods/Target Support Files/Pods-StudyBuddyTests/Pods-StudyBuddyTests.debug.xcconfig"; sourceTree = "<group>"; };
		2A273D109B2F06E9AB3577AE /* Pods_StudyBuddyUITests.framework */ = {isa = PBXFileReference; explicitFileType = wrapper.framework; includeInIndex = 0; path = Pods_StudyBuddyUITests.framework; sourceTree = BUILT_PRODUCTS_DIR; };
		2E57F440D75456AE1F79A1AA /* Pods_StudyBuddy.framework */ = {isa = PBXFileReference; explicitFileType = wrapper.framework; includeInIndex = 0; path = Pods_StudyBuddy.framework; sourceTree = BUILT_PRODUCTS_DIR; };
		4822B4A27E1CF8D4524685FB /* Pods_StudyBuddyTests.framework */ = {isa = PBXFileReference; explicitFileType = wrapper.framework; includeInIndex = 0; path = Pods_StudyBuddyTests.framework; sourceTree = BUILT_PRODUCTS_DIR; };
		61DFE588423E15D372A2D774 /* Pods-StudyBuddyUITests.release.xcconfig */ = {isa = PBXFileReference; includeInIndex = 1; lastKnownFileType = text.xcconfig; name = "Pods-StudyBuddyUITests.release.xcconfig"; path = "Pods/Target Support Files/Pods-StudyBuddyUITests/Pods-StudyBuddyUITests.release.xcconfig"; sourceTree = "<group>"; };
		96729F3C10411479F494D2DB /* Pods-StudyBuddyUITests.debug.xcconfig */ = {isa = PBXFileReference; includeInIndex = 1; lastKnownFileType = text.xcconfig; name = "Pods-StudyBuddyUITests.debug.xcconfig"; path = "Pods/Target Support Files/Pods-StudyBuddyUITests/Pods-StudyBuddyUITests.debug.xcconfig"; sourceTree = "<group>"; };
		A1EDFD9C59369787ED0AA1CC /* Pods-StudyBuddy.debug.xcconfig */ = {isa = PBXFileReference; includeInIndex = 1; lastKnownFileType = text.xcconfig; name = "Pods-StudyBuddy.debug.xcconfig"; path = "Pods/Target Support Files/Pods-StudyBuddy/Pods-StudyBuddy.debug.xcconfig"; sourceTree = "<group>"; };
		D4C5BFB05950FF622431B93B /* Pods-StudyBuddy.release.xcconfig */ = {isa = PBXFileReference; includeInIndex = 1; lastKnownFileType = text.xcconfig; name = "Pods-StudyBuddy.release.xcconfig"; path = "Pods/Target Support Files/Pods-StudyBuddy/Pods-StudyBuddy.release.xcconfig"; sourceTree = "<group>"; };
		EF54A75CBAC4460425E32FD0 /* Pods-StudyBuddyTests.release.xcconfig */ = {isa = PBXFileReference; includeInIndex = 1; lastKnownFileType = text.xcconfig; name = "Pods-StudyBuddyTests.release.xcconfig"; path = "Pods/Target Support Files/Pods-StudyBuddyTests/Pods-StudyBuddyTests.release.xcconfig"; sourceTree = "<group>"; };
/* End PBXFileReference section */

/* Begin PBXFrameworksBuildPhase section */
		108B9E2B1FA4BC5D00D93D01 /* Frameworks */ = {
			isa = PBXFrameworksBuildPhase;
			buildActionMask = 2147483647;
			files = (
				8711E51F9691B3F3F08187ED /* Pods_StudyBuddy.framework in Frameworks */,
			);
			runOnlyForDeploymentPostprocessing = 0;
		};
		108B9E421FA4BC5E00D93D01 /* Frameworks */ = {
			isa = PBXFrameworksBuildPhase;
			buildActionMask = 2147483647;
			files = (
				3D462954501F7331CFCF1307 /* Pods_StudyBuddyTests.framework in Frameworks */,
			);
			runOnlyForDeploymentPostprocessing = 0;
		};
		108B9E4D1FA4BC5E00D93D01 /* Frameworks */ = {
			isa = PBXFrameworksBuildPhase;
			buildActionMask = 2147483647;
			files = (
				2E94BBD969CEF1C4275F74C6 /* Pods_StudyBuddyUITests.framework in Frameworks */,
			);
			runOnlyForDeploymentPostprocessing = 0;
		};
/* End PBXFrameworksBuildPhase section */

/* Begin PBXGroup section */
		108B9E251FA4BC5D00D93D01 = {
			isa = PBXGroup;
			children = (
				108B9E301FA4BC5E00D93D01 /* StudyBuddy */,
				108B9E481FA4BC5E00D93D01 /* StudyBuddyTests */,
				108B9E531FA4BC5E00D93D01 /* StudyBuddyUITests */,
				108B9E2F1FA4BC5E00D93D01 /* Products */,
				6EE58512BE003D0D6B58B42A /* Pods */,
				9A34A56A75E9B3271658C336 /* Frameworks */,
			);
			sourceTree = "<group>";
		};
		108B9E2F1FA4BC5E00D93D01 /* Products */ = {
			isa = PBXGroup;
			children = (
				108B9E2E1FA4BC5E00D93D01 /* StudyBuddy.app */,
				108B9E451FA4BC5E00D93D01 /* StudyBuddyTests.xctest */,
				108B9E501FA4BC5E00D93D01 /* StudyBuddyUITests.xctest */,
			);
			name = Products;
			sourceTree = "<group>";
		};
		108B9E301FA4BC5E00D93D01 /* StudyBuddy */ = {
			isa = PBXGroup;
			children = (
				108B9E671FA8BF5300D93D01 /* Utils */,
				108B9E661FA8BBD500D93D01 /* ViewControllers */,
				108B9E311FA4BC5E00D93D01 /* AppDelegate.swift */,
				108B9E351FA4BC5E00D93D01 /* Main.storyboard */,
				108B9E3B1FA4BC5E00D93D01 /* Assets.xcassets */,
				108B9E3D1FA4BC5E00D93D01 /* LaunchScreen.storyboard */,
				10E17FE01FACB7DF00B0B130 /* StudyBuddy.xcdatamodeld */,
				108B9E401FA4BC5E00D93D01 /* Info.plist */,
			);
			path = StudyBuddy;
			sourceTree = "<group>";
		};
		108B9E481FA4BC5E00D93D01 /* StudyBuddyTests */ = {
			isa = PBXGroup;
			children = (
				108B9E491FA4BC5E00D93D01 /* StudyBuddyTests.swift */,
				108B9E4B1FA4BC5E00D93D01 /* Info.plist */,
				10E17FE71FACE56200B0B130 /* UtilsTests.swift */,
			);
			path = StudyBuddyTests;
			sourceTree = "<group>";
		};
		108B9E531FA4BC5E00D93D01 /* StudyBuddyUITests */ = {
			isa = PBXGroup;
			children = (
				108B9E541FA4BC5E00D93D01 /* StudyBuddyUITests.swift */,
				108B9E561FA4BC5E00D93D01 /* Info.plist */,
			);
			path = StudyBuddyUITests;
			sourceTree = "<group>";
		};
		108B9E661FA8BBD500D93D01 /* ViewControllers */ = {
			isa = PBXGroup;
			children = (
				10A6867C1FB0ACE200DA0F4F /* userDecksComponent */,
				10A6867B1FB0AB7F00DA0F4F /* signInComponent */,
				10A6867A1FB0AB5C00DA0F4F /* StudyWordsComponent */,
				10A686791FB0AB4700DA0F4F /* FlashCardTableComponent */,
				10A686781FB0AB3600DA0F4F /* DashBoardComponent */,
				10A686771FB0AB2800DA0F4F /* wordComponent */,
			);
			path = ViewControllers;
			sourceTree = "<group>";
		};
		108B9E671FA8BF5300D93D01 /* Utils */ = {
			isa = PBXGroup;
			children = (
				108B9E681FA8BF7200D93D01 /* Utils.swift */,
			);
			path = Utils;
			sourceTree = "<group>";
		};
		10A686771FB0AB2800DA0F4F /* wordComponent */ = {
			isa = PBXGroup;
			children = (
				100117301FACA94A0042BA5E /* WordViewController.swift */,
			);
			path = wordComponent;
			sourceTree = "<group>";
		};
		10A686781FB0AB3600DA0F4F /* DashBoardComponent */ = {
			isa = PBXGroup;
			children = (
				108B9E621FA8BB9B00D93D01 /* DashBoardViewController.swift */,
			);
			path = DashBoardComponent;
			sourceTree = "<group>";
		};
		10A686791FB0AB4700DA0F4F /* FlashCardTableComponent */ = {
			isa = PBXGroup;
			children = (
				108B9E641FA8BBC600D93D01 /* FlashCardsTableViewController.swift */,
			);
			path = FlashCardTableComponent;
			sourceTree = "<group>";
		};
		10A6867A1FB0AB5C00DA0F4F /* StudyWordsComponent */ = {
			isa = PBXGroup;
			children = (
				10E17FE31FACB91100B0B130 /* StudyWordsViewController.swift */,
			);
			path = StudyWordsComponent;
			sourceTree = "<group>";
		};
		10A6867B1FB0AB7F00DA0F4F /* signInComponent */ = {
			isa = PBXGroup;
			children = (
				108B9E331FA4BC5E00D93D01 /* ViewController.swift */,
			);
			path = signInComponent;
			sourceTree = "<group>";
		};
		10A6867C1FB0ACE200DA0F4F /* userDecksComponent */ = {
			isa = PBXGroup;
			children = (
				10A6867D1FB0AD0000DA0F4F /* UserDecksTableViewController.swift */,
			);
			path = userDecksComponent;
			sourceTree = "<group>";
		};
		6EE58512BE003D0D6B58B42A /* Pods */ = {
			isa = PBXGroup;
			children = (
				A1EDFD9C59369787ED0AA1CC /* Pods-StudyBuddy.debug.xcconfig */,
				D4C5BFB05950FF622431B93B /* Pods-StudyBuddy.release.xcconfig */,
				152A7B1BFE3C9B8BB4342887 /* Pods-StudyBuddyTests.debug.xcconfig */,
				EF54A75CBAC4460425E32FD0 /* Pods-StudyBuddyTests.release.xcconfig */,
				96729F3C10411479F494D2DB /* Pods-StudyBuddyUITests.debug.xcconfig */,
				61DFE588423E15D372A2D774 /* Pods-StudyBuddyUITests.release.xcconfig */,
			);
			name = Pods;
			sourceTree = "<group>";
		};
		9A34A56A75E9B3271658C336 /* Frameworks */ = {
			isa = PBXGroup;
			children = (
				2E57F440D75456AE1F79A1AA /* Pods_StudyBuddy.framework */,
				4822B4A27E1CF8D4524685FB /* Pods_StudyBuddyTests.framework */,
				2A273D109B2F06E9AB3577AE /* Pods_StudyBuddyUITests.framework */,
			);
			name = Frameworks;
			sourceTree = "<group>";
		};
/* End PBXGroup section */

/* Begin PBXNativeTarget section */
		108B9E2D1FA4BC5D00D93D01 /* StudyBuddy */ = {
			isa = PBXNativeTarget;
			buildConfigurationList = 108B9E591FA4BC5E00D93D01 /* Build configuration list for PBXNativeTarget "StudyBuddy" */;
			buildPhases = (
				479F773DC112BEA32CE229EB /* [CP] Check Pods Manifest.lock */,
				108B9E2A1FA4BC5D00D93D01 /* Sources */,
				108B9E2B1FA4BC5D00D93D01 /* Frameworks */,
				108B9E2C1FA4BC5D00D93D01 /* Resources */,
				C3FD87BCDAEFEFC2CB7CD355 /* [CP] Embed Pods Frameworks */,
				FCFFDCDC1BCE7981BB909703 /* [CP] Copy Pods Resources */,
			);
			buildRules = (
			);
			dependencies = (
			);
			name = StudyBuddy;
			productName = StudyBuddy;
			productReference = 108B9E2E1FA4BC5E00D93D01 /* StudyBuddy.app */;
			productType = "com.apple.product-type.application";
		};
		108B9E441FA4BC5E00D93D01 /* StudyBuddyTests */ = {
			isa = PBXNativeTarget;
			buildConfigurationList = 108B9E5C1FA4BC5E00D93D01 /* Build configuration list for PBXNativeTarget "StudyBuddyTests" */;
			buildPhases = (
				C7B616F3AD2E78EED6C7ABDF /* [CP] Check Pods Manifest.lock */,
				108B9E411FA4BC5E00D93D01 /* Sources */,
				108B9E421FA4BC5E00D93D01 /* Frameworks */,
				108B9E431FA4BC5E00D93D01 /* Resources */,
				C8BBC007A9FF10D3E448C0FE /* [CP] Embed Pods Frameworks */,
				3998C8050DEC5A8AB646B2D9 /* [CP] Copy Pods Resources */,
			);
			buildRules = (
			);
			dependencies = (
				108B9E471FA4BC5E00D93D01 /* PBXTargetDependency */,
			);
			name = StudyBuddyTests;
			productName = StudyBuddyTests;
			productReference = 108B9E451FA4BC5E00D93D01 /* StudyBuddyTests.xctest */;
			productType = "com.apple.product-type.bundle.unit-test";
		};
		108B9E4F1FA4BC5E00D93D01 /* StudyBuddyUITests */ = {
			isa = PBXNativeTarget;
			buildConfigurationList = 108B9E5F1FA4BC5E00D93D01 /* Build configuration list for PBXNativeTarget "StudyBuddyUITests" */;
			buildPhases = (
				A7BCB66A4D0CCB2AA0C3A779 /* [CP] Check Pods Manifest.lock */,
				108B9E4C1FA4BC5E00D93D01 /* Sources */,
				108B9E4D1FA4BC5E00D93D01 /* Frameworks */,
				108B9E4E1FA4BC5E00D93D01 /* Resources */,
				909172F571BC60CE224FC528 /* [CP] Embed Pods Frameworks */,
				B6BABEF89C824338E6BFADD4 /* [CP] Copy Pods Resources */,
			);
			buildRules = (
			);
			dependencies = (
				108B9E521FA4BC5E00D93D01 /* PBXTargetDependency */,
			);
			name = StudyBuddyUITests;
			productName = StudyBuddyUITests;
			productReference = 108B9E501FA4BC5E00D93D01 /* StudyBuddyUITests.xctest */;
			productType = "com.apple.product-type.bundle.ui-testing";
		};
/* End PBXNativeTarget section */

/* Begin PBXProject section */
		108B9E261FA4BC5D00D93D01 /* Project object */ = {
			isa = PBXProject;
			attributes = {
				LastSwiftUpdateCheck = 0900;
				LastUpgradeCheck = 0900;
				ORGANIZATIONNAME = "Aguilar Technology Solutions";
				TargetAttributes = {
					108B9E2D1FA4BC5D00D93D01 = {
						CreatedOnToolsVersion = 9.0;
						ProvisioningStyle = Automatic;
					};
					108B9E441FA4BC5E00D93D01 = {
						CreatedOnToolsVersion = 9.0;
						ProvisioningStyle = Automatic;
						TestTargetID = 108B9E2D1FA4BC5D00D93D01;
					};
					108B9E4F1FA4BC5E00D93D01 = {
						CreatedOnToolsVersion = 9.0;
						ProvisioningStyle = Automatic;
						TestTargetID = 108B9E2D1FA4BC5D00D93D01;
					};
				};
			};
			buildConfigurationList = 108B9E291FA4BC5D00D93D01 /* Build configuration list for PBXProject "StudyBuddy" */;
			compatibilityVersion = "Xcode 8.0";
			developmentRegion = en;
			hasScannedForEncodings = 0;
			knownRegions = (
				en,
				Base,
			);
			mainGroup = 108B9E251FA4BC5D00D93D01;
			productRefGroup = 108B9E2F1FA4BC5E00D93D01 /* Products */;
			projectDirPath = "";
			projectRoot = "";
			targets = (
				108B9E2D1FA4BC5D00D93D01 /* StudyBuddy */,
				108B9E441FA4BC5E00D93D01 /* StudyBuddyTests */,
				108B9E4F1FA4BC5E00D93D01 /* StudyBuddyUITests */,
			);
		};
/* End PBXProject section */

/* Begin PBXResourcesBuildPhase section */
		108B9E2C1FA4BC5D00D93D01 /* Resources */ = {
			isa = PBXResourcesBuildPhase;
			buildActionMask = 2147483647;
			files = (
				108B9E3F1FA4BC5E00D93D01 /* LaunchScreen.storyboard in Resources */,
				108B9E3C1FA4BC5E00D93D01 /* Assets.xcassets in Resources */,
				108B9E371FA4BC5E00D93D01 /* Main.storyboard in Resources */,
			);
			runOnlyForDeploymentPostprocessing = 0;
		};
		108B9E431FA4BC5E00D93D01 /* Resources */ = {
			isa = PBXResourcesBuildPhase;
			buildActionMask = 2147483647;
			files = (
			);
			runOnlyForDeploymentPostprocessing = 0;
		};
		108B9E4E1FA4BC5E00D93D01 /* Resources */ = {
			isa = PBXResourcesBuildPhase;
			buildActionMask = 2147483647;
			files = (
			);
			runOnlyForDeploymentPostprocessing = 0;
		};
/* End PBXResourcesBuildPhase section */

/* Begin PBXShellScriptBuildPhase section */
		3998C8050DEC5A8AB646B2D9 /* [CP] Copy Pods Resources */ = {
			isa = PBXShellScriptBuildPhase;
			buildActionMask = 2147483647;
			files = (
			);
			inputPaths = (
			);
			name = "[CP] Copy Pods Resources";
			outputPaths = (
			);
			runOnlyForDeploymentPostprocessing = 0;
			shellPath = /bin/sh;
			shellScript = "\"${SRCROOT}/Pods/Target Support Files/Pods-StudyBuddyTests/Pods-StudyBuddyTests-resources.sh\"\n";
			showEnvVarsInLog = 0;
		};
		479F773DC112BEA32CE229EB /* [CP] Check Pods Manifest.lock */ = {
			isa = PBXShellScriptBuildPhase;
			buildActionMask = 2147483647;
			files = (
			);
			inputPaths = (
				"${PODS_PODFILE_DIR_PATH}/Podfile.lock",
				"${PODS_ROOT}/Manifest.lock",
			);
			name = "[CP] Check Pods Manifest.lock";
			outputPaths = (
				"$(DERIVED_FILE_DIR)/Pods-StudyBuddy-checkManifestLockResult.txt",
			);
			runOnlyForDeploymentPostprocessing = 0;
			shellPath = /bin/sh;
			shellScript = "diff \"${PODS_PODFILE_DIR_PATH}/Podfile.lock\" \"${PODS_ROOT}/Manifest.lock\" > /dev/null\nif [ $? != 0 ] ; then\n    # print error to STDERR\n    echo \"error: The sandbox is not in sync with the Podfile.lock. Run 'pod install' or update your CocoaPods installation.\" >&2\n    exit 1\nfi\n# This output is used by Xcode 'outputs' to avoid re-running this script phase.\necho \"SUCCESS\" > \"${SCRIPT_OUTPUT_FILE_0}\"\n";
			showEnvVarsInLog = 0;
		};
		909172F571BC60CE224FC528 /* [CP] Embed Pods Frameworks */ = {
			isa = PBXShellScriptBuildPhase;
			buildActionMask = 2147483647;
			files = (
			);
			inputPaths = (
			);
			name = "[CP] Embed Pods Frameworks";
			outputPaths = (
			);
			runOnlyForDeploymentPostprocessing = 0;
			shellPath = /bin/sh;
			shellScript = "\"${SRCROOT}/Pods/Target Support Files/Pods-StudyBuddyUITests/Pods-StudyBuddyUITests-frameworks.sh\"\n";
			showEnvVarsInLog = 0;
		};
		A7BCB66A4D0CCB2AA0C3A779 /* [CP] Check Pods Manifest.lock */ = {
			isa = PBXShellScriptBuildPhase;
			buildActionMask = 2147483647;
			files = (
			);
			inputPaths = (
				"${PODS_PODFILE_DIR_PATH}/Podfile.lock",
				"${PODS_ROOT}/Manifest.lock",
			);
			name = "[CP] Check Pods Manifest.lock";
			outputPaths = (
				"$(DERIVED_FILE_DIR)/Pods-StudyBuddyUITests-checkManifestLockResult.txt",
			);
			runOnlyForDeploymentPostprocessing = 0;
			shellPath = /bin/sh;
			shellScript = "diff \"${PODS_PODFILE_DIR_PATH}/Podfile.lock\" \"${PODS_ROOT}/Manifest.lock\" > /dev/null\nif [ $? != 0 ] ; then\n    # print error to STDERR\n    echo \"error: The sandbox is not in sync with the Podfile.lock. Run 'pod install' or update your CocoaPods installation.\" >&2\n    exit 1\nfi\n# This output is used by Xcode 'outputs' to avoid re-running this script phase.\necho \"SUCCESS\" > \"${SCRIPT_OUTPUT_FILE_0}\"\n";
			showEnvVarsInLog = 0;
		};
		B6BABEF89C824338E6BFADD4 /* [CP] Copy Pods Resources */ = {
			isa = PBXShellScriptBuildPhase;
			buildActionMask = 2147483647;
			files = (
			);
			inputPaths = (
			);
			name = "[CP] Copy Pods Resources";
			outputPaths = (
			);
			runOnlyForDeploymentPostprocessing = 0;
			shellPath = /bin/sh;
			shellScript = "\"${SRCROOT}/Pods/Target Support Files/Pods-StudyBuddyUITests/Pods-StudyBuddyUITests-resources.sh\"\n";
			showEnvVarsInLog = 0;
		};
		C3FD87BCDAEFEFC2CB7CD355 /* [CP] Embed Pods Frameworks */ = {
			isa = PBXShellScriptBuildPhase;
			buildActionMask = 2147483647;
			files = (
			);
			inputPaths = (
			);
			name = "[CP] Embed Pods Frameworks";
			outputPaths = (
			);
			runOnlyForDeploymentPostprocessing = 0;
			shellPath = /bin/sh;
			shellScript = "\"${SRCROOT}/Pods/Target Support Files/Pods-StudyBuddy/Pods-StudyBuddy-frameworks.sh\"\n";
			showEnvVarsInLog = 0;
		};
		C7B616F3AD2E78EED6C7ABDF /* [CP] Check Pods Manifest.lock */ = {
			isa = PBXShellScriptBuildPhase;
			buildActionMask = 2147483647;
			files = (
			);
			inputPaths = (
				"${PODS_PODFILE_DIR_PATH}/Podfile.lock",
				"${PODS_ROOT}/Manifest.lock",
			);
			name = "[CP] Check Pods Manifest.lock";
			outputPaths = (
				"$(DERIVED_FILE_DIR)/Pods-StudyBuddyTests-checkManifestLockResult.txt",
			);
			runOnlyForDeploymentPostprocessing = 0;
			shellPath = /bin/sh;
			shellScript = "diff \"${PODS_PODFILE_DIR_PATH}/Podfile.lock\" \"${PODS_ROOT}/Manifest.lock\" > /dev/null\nif [ $? != 0 ] ; then\n    # print error to STDERR\n    echo \"error: The sandbox is not in sync with the Podfile.lock. Run 'pod install' or update your CocoaPods installation.\" >&2\n    exit 1\nfi\n# This output is used by Xcode 'outputs' to avoid re-running this script phase.\necho \"SUCCESS\" > \"${SCRIPT_OUTPUT_FILE_0}\"\n";
			showEnvVarsInLog = 0;
		};
		C8BBC007A9FF10D3E448C0FE /* [CP] Embed Pods Frameworks */ = {
			isa = PBXShellScriptBuildPhase;
			buildActionMask = 2147483647;
			files = (
			);
			inputPaths = (
			);
			name = "[CP] Embed Pods Frameworks";
			outputPaths = (
			);
			runOnlyForDeploymentPostprocessing = 0;
			shellPath = /bin/sh;
			shellScript = "\"${SRCROOT}/Pods/Target Support Files/Pods-StudyBuddyTests/Pods-StudyBuddyTests-frameworks.sh\"\n";
			showEnvVarsInLog = 0;
		};
		FCFFDCDC1BCE7981BB909703 /* [CP] Copy Pods Resources */ = {
			isa = PBXShellScriptBuildPhase;
			buildActionMask = 2147483647;
			files = (
			);
			inputPaths = (
			);
			name = "[CP] Copy Pods Resources";
			outputPaths = (
			);
			runOnlyForDeploymentPostprocessing = 0;
			shellPath = /bin/sh;
			shellScript = "\"${SRCROOT}/Pods/Target Support Files/Pods-StudyBuddy/Pods-StudyBuddy-resources.sh\"\n";
			showEnvVarsInLog = 0;
		};
/* End PBXShellScriptBuildPhase section */

/* Begin PBXSourcesBuildPhase section */
		108B9E2A1FA4BC5D00D93D01 /* Sources */ = {
			isa = PBXSourcesBuildPhase;
			buildActionMask = 2147483647;
			files = (
				10E17FE41FACB91100B0B130 /* StudyWordsViewController.swift in Sources */,
				108B9E341FA4BC5E00D93D01 /* ViewController.swift in Sources */,
				108B9E651FA8BBC600D93D01 /* FlashCardsTableViewController.swift in Sources */,
				100117311FACA94A0042BA5E /* WordViewController.swift in Sources */,
				108B9E321FA4BC5E00D93D01 /* AppDelegate.swift in Sources */,
				108B9E631FA8BB9B00D93D01 /* DashBoardViewController.swift in Sources */,
				10E17FE21FACB88800B0B130 /* StudyBuddy.xcdatamodeld in Sources */,
				10E17FEA1FACEACF00B0B130 /* Utils.swift in Sources */,
				10A6867E1FB0AD0000DA0F4F /* UserDecksTableViewController.swift in Sources */,
			);
			runOnlyForDeploymentPostprocessing = 0;
		};
		108B9E411FA4BC5E00D93D01 /* Sources */ = {
			isa = PBXSourcesBuildPhase;
			buildActionMask = 2147483647;
			files = (
				108B9E4A1FA4BC5E00D93D01 /* StudyBuddyTests.swift in Sources */,
				10E17FE81FACE56200B0B130 /* UtilsTests.swift in Sources */,
			);
			runOnlyForDeploymentPostprocessing = 0;
		};
		108B9E4C1FA4BC5E00D93D01 /* Sources */ = {
			isa = PBXSourcesBuildPhase;
			buildActionMask = 2147483647;
			files = (
				108B9E551FA4BC5E00D93D01 /* StudyBuddyUITests.swift in Sources */,
			);
			runOnlyForDeploymentPostprocessing = 0;
		};
/* End PBXSourcesBuildPhase section */

/* Begin PBXTargetDependency section */
		108B9E471FA4BC5E00D93D01 /* PBXTargetDependency */ = {
			isa = PBXTargetDependency;
			target = 108B9E2D1FA4BC5D00D93D01 /* StudyBuddy */;
			targetProxy = 108B9E461FA4BC5E00D93D01 /* PBXContainerItemProxy */;
		};
		108B9E521FA4BC5E00D93D01 /* PBXTargetDependency */ = {
			isa = PBXTargetDependency;
			target = 108B9E2D1FA4BC5D00D93D01 /* StudyBuddy */;
			targetProxy = 108B9E511FA4BC5E00D93D01 /* PBXContainerItemProxy */;
		};
/* End PBXTargetDependency section */

/* Begin PBXVariantGroup section */
		108B9E351FA4BC5E00D93D01 /* Main.storyboard */ = {
			isa = PBXVariantGroup;
			children = (
				108B9E361FA4BC5E00D93D01 /* Base */,
			);
			name = Main.storyboard;
			sourceTree = "<group>";
		};
		108B9E3D1FA4BC5E00D93D01 /* LaunchScreen.storyboard */ = {
			isa = PBXVariantGroup;
			children = (
				108B9E3E1FA4BC5E00D93D01 /* Base */,
			);
			name = LaunchScreen.storyboard;
			sourceTree = "<group>";
		};
/* End PBXVariantGroup section */

/* Begin XCBuildConfiguration section */
		108B9E571FA4BC5E00D93D01 /* Debug */ = {
			isa = XCBuildConfiguration;
			buildSettings = {
				ALWAYS_SEARCH_USER_PATHS = NO;
				CLANG_ANALYZER_NONNULL = YES;
				CLANG_ANALYZER_NUMBER_OBJECT_CONVERSION = YES_AGGRESSIVE;
				CLANG_CXX_LANGUAGE_STANDARD = "gnu++14";
				CLANG_CXX_LIBRARY = "libc++";
				CLANG_ENABLE_MODULES = YES;
				CLANG_ENABLE_OBJC_ARC = YES;
				CLANG_WARN_BLOCK_CAPTURE_AUTORELEASING = YES;
				CLANG_WARN_BOOL_CONVERSION = YES;
				CLANG_WARN_COMMA = YES;
				CLANG_WARN_CONSTANT_CONVERSION = YES;
				CLANG_WARN_DIRECT_OBJC_ISA_USAGE = YES_ERROR;
				CLANG_WARN_DOCUMENTATION_COMMENTS = YES;
				CLANG_WARN_EMPTY_BODY = YES;
				CLANG_WARN_ENUM_CONVERSION = YES;
				CLANG_WARN_INFINITE_RECURSION = YES;
				CLANG_WARN_INT_CONVERSION = YES;
				CLANG_WARN_NON_LITERAL_NULL_CONVERSION = YES;
				CLANG_WARN_OBJC_LITERAL_CONVERSION = YES;
				CLANG_WARN_OBJC_ROOT_CLASS = YES_ERROR;
				CLANG_WARN_RANGE_LOOP_ANALYSIS = YES;
				CLANG_WARN_STRICT_PROTOTYPES = YES;
				CLANG_WARN_SUSPICIOUS_MOVE = YES;
				CLANG_WARN_UNGUARDED_AVAILABILITY = YES_AGGRESSIVE;
				CLANG_WARN_UNREACHABLE_CODE = YES;
				CLANG_WARN__DUPLICATE_METHOD_MATCH = YES;
				CODE_SIGN_IDENTITY = "iPhone Developer";
				COPY_PHASE_STRIP = NO;
				DEBUG_INFORMATION_FORMAT = dwarf;
				ENABLE_STRICT_OBJC_MSGSEND = YES;
				ENABLE_TESTABILITY = YES;
				GCC_C_LANGUAGE_STANDARD = gnu11;
				GCC_DYNAMIC_NO_PIC = NO;
				GCC_NO_COMMON_BLOCKS = YES;
				GCC_OPTIMIZATION_LEVEL = 0;
				GCC_PREPROCESSOR_DEFINITIONS = (
					"DEBUG=1",
					"$(inherited)",
				);
				GCC_WARN_64_TO_32_BIT_CONVERSION = YES;
				GCC_WARN_ABOUT_RETURN_TYPE = YES_ERROR;
				GCC_WARN_UNDECLARED_SELECTOR = YES;
				GCC_WARN_UNINITIALIZED_AUTOS = YES_AGGRESSIVE;
				GCC_WARN_UNUSED_FUNCTION = YES;
				GCC_WARN_UNUSED_VARIABLE = YES;
				IPHONEOS_DEPLOYMENT_TARGET = 11.0;
				MTL_ENABLE_DEBUG_INFO = YES;
				ONLY_ACTIVE_ARCH = YES;
				SDKROOT = iphoneos;
				SWIFT_ACTIVE_COMPILATION_CONDITIONS = DEBUG;
				SWIFT_OPTIMIZATION_LEVEL = "-Onone";
			};
			name = Debug;
		};
		108B9E581FA4BC5E00D93D01 /* Release */ = {
			isa = XCBuildConfiguration;
			buildSettings = {
				ALWAYS_SEARCH_USER_PATHS = NO;
				CLANG_ANALYZER_NONNULL = YES;
				CLANG_ANALYZER_NUMBER_OBJECT_CONVERSION = YES_AGGRESSIVE;
				CLANG_CXX_LANGUAGE_STANDARD = "gnu++14";
				CLANG_CXX_LIBRARY = "libc++";
				CLANG_ENABLE_MODULES = YES;
				CLANG_ENABLE_OBJC_ARC = YES;
				CLANG_WARN_BLOCK_CAPTURE_AUTORELEASING = YES;
				CLANG_WARN_BOOL_CONVERSION = YES;
				CLANG_WARN_COMMA = YES;
				CLANG_WARN_CONSTANT_CONVERSION = YES;
				CLANG_WARN_DIRECT_OBJC_ISA_USAGE = YES_ERROR;
				CLANG_WARN_DOCUMENTATION_COMMENTS = YES;
				CLANG_WARN_EMPTY_BODY = YES;
				CLANG_WARN_ENUM_CONVERSION = YES;
				CLANG_WARN_INFINITE_RECURSION = YES;
				CLANG_WARN_INT_CONVERSION = YES;
				CLANG_WARN_NON_LITERAL_NULL_CONVERSION = YES;
				CLANG_WARN_OBJC_LITERAL_CONVERSION = YES;
				CLANG_WARN_OBJC_ROOT_CLASS = YES_ERROR;
				CLANG_WARN_RANGE_LOOP_ANALYSIS = YES;
				CLANG_WARN_STRICT_PROTOTYPES = YES;
				CLANG_WARN_SUSPICIOUS_MOVE = YES;
				CLANG_WARN_UNGUARDED_AVAILABILITY = YES_AGGRESSIVE;
				CLANG_WARN_UNREACHABLE_CODE = YES;
				CLANG_WARN__DUPLICATE_METHOD_MATCH = YES;
				CODE_SIGN_IDENTITY = "iPhone Developer";
				COPY_PHASE_STRIP = NO;
				DEBUG_INFORMATION_FORMAT = "dwarf-with-dsym";
				ENABLE_NS_ASSERTIONS = NO;
				ENABLE_STRICT_OBJC_MSGSEND = YES;
				GCC_C_LANGUAGE_STANDARD = gnu11;
				GCC_NO_COMMON_BLOCKS = YES;
				GCC_WARN_64_TO_32_BIT_CONVERSION = YES;
				GCC_WARN_ABOUT_RETURN_TYPE = YES_ERROR;
				GCC_WARN_UNDECLARED_SELECTOR = YES;
				GCC_WARN_UNINITIALIZED_AUTOS = YES_AGGRESSIVE;
				GCC_WARN_UNUSED_FUNCTION = YES;
				GCC_WARN_UNUSED_VARIABLE = YES;
				IPHONEOS_DEPLOYMENT_TARGET = 11.0;
				MTL_ENABLE_DEBUG_INFO = NO;
				SDKROOT = iphoneos;
				SWIFT_OPTIMIZATION_LEVEL = "-Owholemodule";
				VALIDATE_PRODUCT = YES;
			};
			name = Release;
		};
		108B9E5A1FA4BC5E00D93D01 /* Debug */ = {
			isa = XCBuildConfiguration;
			baseConfigurationReference = A1EDFD9C59369787ED0AA1CC /* Pods-StudyBuddy.debug.xcconfig */;
			buildSettings = {
				ASSETCATALOG_COMPILER_APPICON_NAME = AppIcon;
				CODE_SIGN_STYLE = Automatic;
				DEVELOPMENT_TEAM = 3TFZ483Q7T;
				INFOPLIST_FILE = StudyBuddy/Info.plist;
				LD_RUNPATH_SEARCH_PATHS = "$(inherited) @executable_path/Frameworks";
				PRODUCT_BUNDLE_IDENTIFIER = com.ATS.myFirstApp.StudyBuddy;
				PRODUCT_NAME = "$(TARGET_NAME)";
				SWIFT_VERSION = 4.0;
				TARGETED_DEVICE_FAMILY = "1,2";
			};
			name = Debug;
		};
		108B9E5B1FA4BC5E00D93D01 /* Release */ = {
			isa = XCBuildConfiguration;
			baseConfigurationReference = D4C5BFB05950FF622431B93B /* Pods-StudyBuddy.release.xcconfig */;
			buildSettings = {
				ASSETCATALOG_COMPILER_APPICON_NAME = AppIcon;
				CODE_SIGN_STYLE = Automatic;
				DEVELOPMENT_TEAM = 3TFZ483Q7T;
				INFOPLIST_FILE = StudyBuddy/Info.plist;
				LD_RUNPATH_SEARCH_PATHS = "$(inherited) @executable_path/Frameworks";
				PRODUCT_BUNDLE_IDENTIFIER = com.ATS.myFirstApp.StudyBuddy;
				PRODUCT_NAME = "$(TARGET_NAME)";
				SWIFT_VERSION = 4.0;
				TARGETED_DEVICE_FAMILY = "1,2";
			};
			name = Release;
		};
		108B9E5D1FA4BC5E00D93D01 /* Debug */ = {
			isa = XCBuildConfiguration;
			baseConfigurationReference = 152A7B1BFE3C9B8BB4342887 /* Pods-StudyBuddyTests.debug.xcconfig */;
			buildSettings = {
				ALWAYS_EMBED_SWIFT_STANDARD_LIBRARIES = YES;
				BUNDLE_LOADER = "$(TEST_HOST)";
				CODE_SIGN_STYLE = Automatic;
				INFOPLIST_FILE = StudyBuddyTests/Info.plist;
				LD_RUNPATH_SEARCH_PATHS = "$(inherited) @executable_path/Frameworks @loader_path/Frameworks";
				PRODUCT_BUNDLE_IDENTIFIER = com.ATS.myFirstApp.StudyBuddyTests;
				PRODUCT_NAME = "$(TARGET_NAME)";
				SWIFT_VERSION = 4.0;
				TARGETED_DEVICE_FAMILY = "1,2";
				TEST_HOST = "$(BUILT_PRODUCTS_DIR)/StudyBuddy.app/StudyBuddy";
			};
			name = Debug;
		};
		108B9E5E1FA4BC5E00D93D01 /* Release */ = {
			isa = XCBuildConfiguration;
			baseConfigurationReference = EF54A75CBAC4460425E32FD0 /* Pods-StudyBuddyTests.release.xcconfig */;
			buildSettings = {
				ALWAYS_EMBED_SWIFT_STANDARD_LIBRARIES = YES;
				BUNDLE_LOADER = "$(TEST_HOST)";
				CODE_SIGN_STYLE = Automatic;
				INFOPLIST_FILE = StudyBuddyTests/Info.plist;
				LD_RUNPATH_SEARCH_PATHS = "$(inherited) @executable_path/Frameworks @loader_path/Frameworks";
				PRODUCT_BUNDLE_IDENTIFIER = com.ATS.myFirstApp.StudyBuddyTests;
				PRODUCT_NAME = "$(TARGET_NAME)";
				SWIFT_VERSION = 4.0;
				TARGETED_DEVICE_FAMILY = "1,2";
				TEST_HOST = "$(BUILT_PRODUCTS_DIR)/StudyBuddy.app/StudyBuddy";
			};
			name = Release;
		};
		108B9E601FA4BC5E00D93D01 /* Debug */ = {
			isa = XCBuildConfiguration;
			baseConfigurationReference = 96729F3C10411479F494D2DB /* Pods-StudyBuddyUITests.debug.xcconfig */;
			buildSettings = {
				ALWAYS_EMBED_SWIFT_STANDARD_LIBRARIES = YES;
				CODE_SIGN_STYLE = Automatic;
				INFOPLIST_FILE = StudyBuddyUITests/Info.plist;
				LD_RUNPATH_SEARCH_PATHS = "$(inherited) @executable_path/Frameworks @loader_path/Frameworks";
				PRODUCT_BUNDLE_IDENTIFIER = com.ATS.myFirstApp.StudyBuddyUITests;
				PRODUCT_NAME = "$(TARGET_NAME)";
				SWIFT_VERSION = 4.0;
				TARGETED_DEVICE_FAMILY = "1,2";
				TEST_TARGET_NAME = StudyBuddy;
			};
			name = Debug;
		};
		108B9E611FA4BC5E00D93D01 /* Release */ = {
			isa = XCBuildConfiguration;
			baseConfigurationReference = 61DFE588423E15D372A2D774 /* Pods-StudyBuddyUITests.release.xcconfig */;
			buildSettings = {
				ALWAYS_EMBED_SWIFT_STANDARD_LIBRARIES = YES;
				CODE_SIGN_STYLE = Automatic;
				INFOPLIST_FILE = StudyBuddyUITests/Info.plist;
				LD_RUNPATH_SEARCH_PATHS = "$(inherited) @executable_path/Frameworks @loader_path/Frameworks";
				PRODUCT_BUNDLE_IDENTIFIER = com.ATS.myFirstApp.StudyBuddyUITests;
				PRODUCT_NAME = "$(TARGET_NAME)";
				SWIFT_VERSION = 4.0;
				TARGETED_DEVICE_FAMILY = "1,2";
				TEST_TARGET_NAME = StudyBuddy;
			};
			name = Release;
		};
/* End XCBuildConfiguration section */

/* Begin XCConfigurationList section */
		108B9E291FA4BC5D00D93D01 /* Build configuration list for PBXProject "StudyBuddy" */ = {
			isa = XCConfigurationList;
			buildConfigurations = (
				108B9E571FA4BC5E00D93D01 /* Debug */,
				108B9E581FA4BC5E00D93D01 /* Release */,
			);
			defaultConfigurationIsVisible = 0;
			defaultConfigurationName = Release;
		};
		108B9E591FA4BC5E00D93D01 /* Build configuration list for PBXNativeTarget "StudyBuddy" */ = {
			isa = XCConfigurationList;
			buildConfigurations = (
				108B9E5A1FA4BC5E00D93D01 /* Debug */,
				108B9E5B1FA4BC5E00D93D01 /* Release */,
			);
			defaultConfigurationIsVisible = 0;
			defaultConfigurationName = Release;
		};
		108B9E5C1FA4BC5E00D93D01 /* Build configuration list for PBXNativeTarget "StudyBuddyTests" */ = {
			isa = XCConfigurationList;
			buildConfigurations = (
				108B9E5D1FA4BC5E00D93D01 /* Debug */,
				108B9E5E1FA4BC5E00D93D01 /* Release */,
			);
			defaultConfigurationIsVisible = 0;
			defaultConfigurationName = Release;
		};
		108B9E5F1FA4BC5E00D93D01 /* Build configuration list for PBXNativeTarget "StudyBuddyUITests" */ = {
			isa = XCConfigurationList;
			buildConfigurations = (
				108B9E601FA4BC5E00D93D01 /* Debug */,
				108B9E611FA4BC5E00D93D01 /* Release */,
			);
			defaultConfigurationIsVisible = 0;
			defaultConfigurationName = Release;
		};
/* End XCConfigurationList section */

/* Begin XCVersionGroup section */
		10E17FE01FACB7DF00B0B130 /* StudyBuddy.xcdatamodeld */ = {
			isa = XCVersionGroup;
			children = (
				10E17FE11FACB7DF00B0B130 /* StudyBuddy.xcdatamodel */,
			);
			currentVersion = 10E17FE11FACB7DF00B0B130 /* StudyBuddy.xcdatamodel */;
			path = StudyBuddy.xcdatamodeld;
			sourceTree = "<group>";
			versionGroupType = wrapper.xcdatamodel;
		};
/* End XCVersionGroup section */
	};
	rootObject = 108B9E261FA4BC5D00D93D01 /* Project object */;
}
